// !$*UTF8*$!
{
	archiveVersion = 1;
	classes = {
	};
	objectVersion = 56;
	objects = {

/* Begin PBXBuildFile section */
		C563A44C2B9E50EC00C7EC71 /* AppDelegate.swift in Sources */ = {isa = PBXBuildFile; fileRef = C563A44B2B9E50EC00C7EC71 /* AppDelegate.swift */; };
		C563A44E2B9E50EC00C7EC71 /* SceneDelegate.swift in Sources */ = {isa = PBXBuildFile; fileRef = C563A44D2B9E50EC00C7EC71 /* SceneDelegate.swift */; };
		C563A4502B9E50EC00C7EC71 /* ViewController.swift in Sources */ = {isa = PBXBuildFile; fileRef = C563A44F2B9E50EC00C7EC71 /* ViewController.swift */; };
		C563A4532B9E50EC00C7EC71 /* Base in Resources */ = {isa = PBXBuildFile; fileRef = C563A4522B9E50EC00C7EC71 /* Base */; };
		C563A4552B9E50ED00C7EC71 /* Assets.xcassets in Resources */ = {isa = PBXBuildFile; fileRef = C563A4542B9E50ED00C7EC71 /* Assets.xcassets */; };
		C563A4582B9E50ED00C7EC71 /* Base in Resources */ = {isa = PBXBuildFile; fileRef = C563A4572B9E50ED00C7EC71 /* Base */; };
		C563A4632B9E50ED00C7EC71 /* familyProjectTests.swift in Sources */ = {isa = PBXBuildFile; fileRef = C563A4622B9E50ED00C7EC71 /* familyProjectTests.swift */; };
		C563A46D2B9E50ED00C7EC71 /* familyProjectUITests.swift in Sources */ = {isa = PBXBuildFile; fileRef = C563A46C2B9E50ED00C7EC71 /* familyProjectUITests.swift */; };
		C563A46F2B9E50ED00C7EC71 /* familyProjectUITestsLaunchTests.swift in Sources */ = {isa = PBXBuildFile; fileRef = C563A46E2B9E50ED00C7EC71 /* familyProjectUITestsLaunchTests.swift */; };
/* End PBXBuildFile section */

/* Begin PBXContainerItemProxy section */
		C563A45F2B9E50ED00C7EC71 /* PBXContainerItemProxy */ = {
			isa = PBXContainerItemProxy;
			containerPortal = C563A4402B9E50EC00C7EC71 /* Project object */;
			proxyType = 1;
			remoteGlobalIDString = C563A4472B9E50EC00C7EC71;
			remoteInfo = familyProject;
		};
		C563A4692B9E50ED00C7EC71 /* PBXContainerItemProxy */ = {
			isa = PBXContainerItemProxy;
			containerPortal = C563A4402B9E50EC00C7EC71 /* Project object */;
			proxyType = 1;
			remoteGlobalIDString = C563A4472B9E50EC00C7EC71;
			remoteInfo = familyProject;
		};
/* End PBXContainerItemProxy section */

/* Begin PBXFileReference section */
		C563A4482B9E50EC00C7EC71 /* familyProject.app */ = {isa = PBXFileReference; explicitFileType = wrapper.application; includeInIndex = 0; path = familyProject.app; sourceTree = BUILT_PRODUCTS_DIR; };
		C563A44B2B9E50EC00C7EC71 /* AppDelegate.swift */ = {isa = PBXFileReference; lastKnownFileType = sourcecode.swift; path = AppDelegate.swift; sourceTree = "<group>"; };
		C563A44D2B9E50EC00C7EC71 /* SceneDelegate.swift */ = {isa = PBXFileReference; lastKnownFileType = sourcecode.swift; path = SceneDelegate.swift; sourceTree = "<group>"; };
		C563A44F2B9E50EC00C7EC71 /* ViewController.swift */ = {isa = PBXFileReference; lastKnownFileType = sourcecode.swift; path = ViewController.swift; sourceTree = "<group>"; };
		C563A4522B9E50EC00C7EC71 /* Base */ = {isa = PBXFileReference; lastKnownFileType = file.storyboard; name = Base; path = Base.lproj/Main.storyboard; sourceTree = "<group>"; };
		C563A4542B9E50ED00C7EC71 /* Assets.xcassets */ = {isa = PBXFileReference; lastKnownFileType = folder.assetcatalog; path = Assets.xcassets; sourceTree = "<group>"; };
		C563A4572B9E50ED00C7EC71 /* Base */ = {isa = PBXFileReference; lastKnownFileType = file.storyboard; name = Base; path = Base.lproj/LaunchScreen.storyboard; sourceTree = "<group>"; };
		C563A4592B9E50ED00C7EC71 /* Info.plist */ = {isa = PBXFileReference; lastKnownFileType = text.plist.xml; path = Info.plist; sourceTree = "<group>"; };
		C563A45E2B9E50ED00C7EC71 /* familyProjectTests.xctest */ = {isa = PBXFileReference; explicitFileType = wrapper.cfbundle; includeInIndex = 0; path = familyProjectTests.xctest; sourceTree = BUILT_PRODUCTS_DIR; };
		C563A4622B9E50ED00C7EC71 /* familyProjectTests.swift */ = {isa = PBXFileReference; lastKnownFileType = sourcecode.swift; path = familyProjectTests.swift; sourceTree = "<group>"; };
		C563A4682B9E50ED00C7EC71 /* familyProjectUITests.xctest */ = {isa = PBXFileReference; explicitFileType = wrapper.cfbundle; includeInIndex = 0; path = familyProjectUITests.xctest; sourceTree = BUILT_PRODUCTS_DIR; };
		C563A46C2B9E50ED00C7EC71 /* familyProjectUITests.swift */ = {isa = PBXFileReference; lastKnownFileType = sourcecode.swift; path = familyProjectUITests.swift; sourceTree = "<group>"; };
		C563A46E2B9E50ED00C7EC71 /* familyProjectUITestsLaunchTests.swift */ = {isa = PBXFileReference; lastKnownFileType = sourcecode.swift; path = familyProjectUITestsLaunchTests.swift; sourceTree = "<group>"; };
/* End PBXFileReference section */

/* Begin PBXFrameworksBuildPhase section */
		C563A4452B9E50EC00C7EC71 /* Frameworks */ = {
			isa = PBXFrameworksBuildPhase;
			buildActionMask = 2147483647;
			files = (
			);
			runOnlyForDeploymentPostprocessing = 0;
		};
		C563A45B2B9E50ED00C7EC71 /* Frameworks */ = {
			isa = PBXFrameworksBuildPhase;
			buildActionMask = 2147483647;
			files = (
			);
			runOnlyForDeploymentPostprocessing = 0;
		};
		C563A4652B9E50ED00C7EC71 /* Frameworks */ = {
			isa = PBXFrameworksBuildPhase;
			buildActionMask = 2147483647;
			files = (
			);
			runOnlyForDeploymentPostprocessing = 0;
		};
/* End PBXFrameworksBuildPhase section */

/* Begin PBXGroup section */
		C563A43F2B9E50EC00C7EC71 = {
			isa = PBXGroup;
			children = (
				C563A44A2B9E50EC00C7EC71 /* familyProject */,
				C563A4612B9E50ED00C7EC71 /* familyProjectTests */,
				C563A46B2B9E50ED00C7EC71 /* familyProjectUITests */,
				C563A4492B9E50EC00C7EC71 /* Products */,
			);
			sourceTree = "<group>";
		};
		C563A4492B9E50EC00C7EC71 /* Products */ = {
			isa = PBXGroup;
			children = (
				C563A4482B9E50EC00C7EC71 /* familyProject.app */,
				C563A45E2B9E50ED00C7EC71 /* familyProjectTests.xctest */,
				C563A4682B9E50ED00C7EC71 /* familyProjectUITests.xctest */,
			);
			name = Products;
			sourceTree = "<group>";
		};
		C563A44A2B9E50EC00C7EC71 /* familyProject */ = {
			isa = PBXGroup;
			children = (
				C563A44B2B9E50EC00C7EC71 /* AppDelegate.swift */,
				C563A44D2B9E50EC00C7EC71 /* SceneDelegate.swift */,
				C563A44F2B9E50EC00C7EC71 /* ViewController.swift */,
				C563A4512B9E50EC00C7EC71 /* Main.storyboard */,
				C563A4542B9E50ED00C7EC71 /* Assets.xcassets */,
				C563A4562B9E50ED00C7EC71 /* LaunchScreen.storyboard */,
				C563A4592B9E50ED00C7EC71 /* Info.plist */,
			);
			path = familyProject;
			sourceTree = "<group>";
		};
		C563A4612B9E50ED00C7EC71 /* familyProjectTests */ = {
			isa = PBXGroup;
			children = (
				C563A4622B9E50ED00C7EC71 /* familyProjectTests.swift */,
			);
			path = familyProjectTests;
			sourceTree = "<group>";
		};
		C563A46B2B9E50ED00C7EC71 /* familyProjectUITests */ = {
			isa = PBXGroup;
			children = (
				C563A46C2B9E50ED00C7EC71 /* familyProjectUITests.swift */,
				C563A46E2B9E50ED00C7EC71 /* familyProjectUITestsLaunchTests.swift */,
			);
			path = familyProjectUITests;
			sourceTree = "<group>";
		};
/* End PBXGroup section */

/* Begin PBXNativeTarget section */
		C563A4472B9E50EC00C7EC71 /* familyProject */ = {
			isa = PBXNativeTarget;
			buildConfigurationList = C563A4722B9E50ED00C7EC71 /* Build configuration list for PBXNativeTarget "familyProject" */;
			buildPhases = (
				C563A4442B9E50EC00C7EC71 /* Sources */,
				C563A4452B9E50EC00C7EC71 /* Frameworks */,
				C563A4462B9E50EC00C7EC71 /* Resources */,
			);
			buildRules = (
			);
			dependencies = (
			);
			name = familyProject;
			productName = familyProject;
			productReference = C563A4482B9E50EC00C7EC71 /* familyProject.app */;
			productType = "com.apple.product-type.application";
		};
		C563A45D2B9E50ED00C7EC71 /* familyProjectTests */ = {
			isa = PBXNativeTarget;
			buildConfigurationList = C563A4752B9E50ED00C7EC71 /* Build configuration list for PBXNativeTarget "familyProjectTests" */;
			buildPhases = (
				C563A45A2B9E50ED00C7EC71 /* Sources */,
				C563A45B2B9E50ED00C7EC71 /* Frameworks */,
				C563A45C2B9E50ED00C7EC71 /* Resources */,
			);
			buildRules = (
			);
			dependencies = (
				C563A4602B9E50ED00C7EC71 /* PBXTargetDependency */,
			);
			name = familyProjectTests;
			productName = familyProjectTests;
			productReference = C563A45E2B9E50ED00C7EC71 /* familyProjectTests.xctest */;
			productType = "com.apple.product-type.bundle.unit-test";
		};
		C563A4672B9E50ED00C7EC71 /* familyProjectUITests */ = {
			isa = PBXNativeTarget;
			buildConfigurationList = C563A4782B9E50ED00C7EC71 /* Build configuration list for PBXNativeTarget "familyProjectUITests" */;
			buildPhases = (
				C563A4642B9E50ED00C7EC71 /* Sources */,
				C563A4652B9E50ED00C7EC71 /* Frameworks */,
				C563A4662B9E50ED00C7EC71 /* Resources */,
			);
			buildRules = (
			);
			dependencies = (
				C563A46A2B9E50ED00C7EC71 /* PBXTargetDependency */,
			);
			name = familyProjectUITests;
			productName = familyProjectUITests;
			productReference = C563A4682B9E50ED00C7EC71 /* familyProjectUITests.xctest */;
			productType = "com.apple.product-type.bundle.ui-testing";
		};
/* End PBXNativeTarget section */

/* Begin PBXProject section */
		C563A4402B9E50EC00C7EC71 /* Project object */ = {
			isa = PBXProject;
			attributes = {
				BuildIndependentTargetsInParallel = 1;
				LastSwiftUpdateCheck = 1530;
				LastUpgradeCheck = 1530;
				TargetAttributes = {
					C563A4472B9E50EC00C7EC71 = {
						CreatedOnToolsVersion = 15.3;
					};
					C563A45D2B9E50ED00C7EC71 = {
						CreatedOnToolsVersion = 15.3;
						TestTargetID = C563A4472B9E50EC00C7EC71;
					};
					C563A4672B9E50ED00C7EC71 = {
						CreatedOnToolsVersion = 15.3;
						TestTargetID = C563A4472B9E50EC00C7EC71;
					};
				};
			};
			buildConfigurationList = C563A4432B9E50EC00C7EC71 /* Build configuration list for PBXProject "familyProject" */;
			compatibilityVersion = "Xcode 14.0";
			developmentRegion = en;
			hasScannedForEncodings = 0;
			knownRegions = (
				en,
				Base,
			);
			mainGroup = C563A43F2B9E50EC00C7EC71;
			productRefGroup = C563A4492B9E50EC00C7EC71 /* Products */;
			projectDirPath = "";
			projectRoot = "";
			targets = (
				C563A4472B9E50EC00C7EC71 /* familyProject */,
				C563A45D2B9E50ED00C7EC71 /* familyProjectTests */,
				C563A4672B9E50ED00C7EC71 /* familyProjectUITests */,
			);
		};
/* End PBXProject section */

/* Begin PBXResourcesBuildPhase section */
		C563A4462B9E50EC00C7EC71 /* Resources */ = {
			isa = PBXResourcesBuildPhase;
			buildActionMask = 2147483647;
			files = (
				C563A4552B9E50ED00C7EC71 /* Assets.xcassets in Resources */,
				C563A4582B9E50ED00C7EC71 /* Base in Resources */,
				C563A4532B9E50EC00C7EC71 /* Base in Resources */,
			);
			runOnlyForDeploymentPostprocessing = 0;
		};
		C563A45C2B9E50ED00C7EC71 /* Resources */ = {
			isa = PBXResourcesBuildPhase;
			buildActionMask = 2147483647;
			files = (
			);
			runOnlyForDeploymentPostprocessing = 0;
		};
		C563A4662B9E50ED00C7EC71 /* Resources */ = {
			isa = PBXResourcesBuildPhase;
			buildActionMask = 2147483647;
			files = (
			);
			runOnlyForDeploymentPostprocessing = 0;
		};
/* End PBXResourcesBuildPhase section */

/* Begin PBXSourcesBuildPhase section */
		C563A4442B9E50EC00C7EC71 /* Sources */ = {
			isa = PBXSourcesBuildPhase;
			buildActionMask = 2147483647;
			files = (
				C563A4502B9E50EC00C7EC71 /* ViewController.swift in Sources */,
				C563A44C2B9E50EC00C7EC71 /* AppDelegate.swift in Sources */,
				C563A44E2B9E50EC00C7EC71 /* SceneDelegate.swift in Sources */,
			);
			runOnlyForDeploymentPostprocessing = 0;
		};
		C563A45A2B9E50ED00C7EC71 /* Sources */ = {
			isa = PBXSourcesBuildPhase;
			buildActionMask = 2147483647;
			files = (
				C563A4632B9E50ED00C7EC71 /* familyProjectTests.swift in Sources */,
			);
			runOnlyForDeploymentPostprocessing = 0;
		};
		C563A4642B9E50ED00C7EC71 /* Sources */ = {
			isa = PBXSourcesBuildPhase;
			buildActionMask = 2147483647;
			files = (
				C563A46F2B9E50ED00C7EC71 /* familyProjectUITestsLaunchTests.swift in Sources */,
				C563A46D2B9E50ED00C7EC71 /* familyProjectUITests.swift in Sources */,
			);
			runOnlyForDeploymentPostprocessing = 0;
		};
/* End PBXSourcesBuildPhase section */

/* Begin PBXTargetDependency section */
		C563A4602B9E50ED00C7EC71 /* PBXTargetDependency */ = {
			isa = PBXTargetDependency;
			target = C563A4472B9E50EC00C7EC71 /* familyProject */;
			targetProxy = C563A45F2B9E50ED00C7EC71 /* PBXContainerItemProxy */;
		};
		C563A46A2B9E50ED00C7EC71 /* PBXTargetDependency */ = {
			isa = PBXTargetDependency;
			target = C563A4472B9E50EC00C7EC71 /* familyProject */;
			targetProxy = C563A4692B9E50ED00C7EC71 /* PBXContainerItemProxy */;
		};
/* End PBXTargetDependency section */

/* Begin PBXVariantGroup section */
		C563A4512B9E50EC00C7EC71 /* Main.storyboard */ = {
			isa = PBXVariantGroup;
			children = (
				C563A4522B9E50EC00C7EC71 /* Base */,
			);
			name = Main.storyboard;
			sourceTree = "<group>";
		};
		C563A4562B9E50ED00C7EC71 /* LaunchScreen.storyboard */ = {
			isa = PBXVariantGroup;
			children = (
				C563A4572B9E50ED00C7EC71 /* Base */,
			);
			name = LaunchScreen.storyboard;
			sourceTree = "<group>";
		};
/* End PBXVariantGroup section */

/* Begin XCBuildConfiguration section */
		C563A4702B9E50ED00C7EC71 /* Debug */ = {
			isa = XCBuildConfiguration;
			buildSettings = {
				ALWAYS_SEARCH_USER_PATHS = NO;
				ASSETCATALOG_COMPILER_GENERATE_SWIFT_ASSET_SYMBOL_EXTENSIONS = YES;
				CLANG_ANALYZER_NONNULL = YES;
				CLANG_ANALYZER_NUMBER_OBJECT_CONVERSION = YES_AGGRESSIVE;
				CLANG_CXX_LANGUAGE_STANDARD = "gnu++20";
				CLANG_ENABLE_MODULES = YES;
				CLANG_ENABLE_OBJC_ARC = YES;
				CLANG_ENABLE_OBJC_WEAK = YES;
				CLANG_WARN_BLOCK_CAPTURE_AUTORELEASING = YES;
				CLANG_WARN_BOOL_CONVERSION = YES;
				CLANG_WARN_COMMA = YES;
				CLANG_WARN_CONSTANT_CONVERSION = YES;
				CLANG_WARN_DEPRECATED_OBJC_IMPLEMENTATIONS = YES;
				CLANG_WARN_DIRECT_OBJC_ISA_USAGE = YES_ERROR;
				CLANG_WARN_DOCUMENTATION_COMMENTS = YES;
				CLANG_WARN_EMPTY_BODY = YES;
				CLANG_WARN_ENUM_CONVERSION = YES;
				CLANG_WARN_INFINITE_RECURSION = YES;
				CLANG_WARN_INT_CONVERSION = YES;
				CLANG_WARN_NON_LITERAL_NULL_CONVERSION = YES;
				CLANG_WARN_OBJC_IMPLICIT_RETAIN_SELF = YES;
				CLANG_WARN_OBJC_LITERAL_CONVERSION = YES;
				CLANG_WARN_OBJC_ROOT_CLASS = YES_ERROR;
				CLANG_WARN_QUOTED_INCLUDE_IN_FRAMEWORK_HEADER = YES;
				CLANG_WARN_RANGE_LOOP_ANALYSIS = YES;
				CLANG_WARN_STRICT_PROTOTYPES = YES;
				CLANG_WARN_SUSPICIOUS_MOVE = YES;
				CLANG_WARN_UNGUARDED_AVAILABILITY = YES_AGGRESSIVE;
				CLANG_WARN_UNREACHABLE_CODE = YES;
				CLANG_WARN__DUPLICATE_METHOD_MATCH = YES;
				COPY_PHASE_STRIP = NO;
				DEBUG_INFORMATION_FORMAT = dwarf;
				ENABLE_STRICT_OBJC_MSGSEND = YES;
				ENABLE_TESTABILITY = YES;
				ENABLE_USER_SCRIPT_SANDBOXING = YES;
				GCC_C_LANGUAGE_STANDARD = gnu17;
				GCC_DYNAMIC_NO_PIC = NO;
				GCC_NO_COMMON_BLOCKS = YES;
				GCC_OPTIMIZATION_LEVEL = 0;
				GCC_PREPROCESSOR_DEFINITIONS = (
					"DEBUG=1",
					"$(inherited)",
				);
				GCC_WARN_64_TO_32_BIT_CONVERSION = YES;
				GCC_WARN_ABOUT_RETURN_TYPE = YES_ERROR;
				GCC_WARN_UNDECLARED_SELECTOR = YES;
				GCC_WARN_UNINITIALIZED_AUTOS = YES_AGGRESSIVE;
				GCC_WARN_UNUSED_FUNCTION = YES;
				GCC_WARN_UNUSED_VARIABLE = YES;
				IPHONEOS_DEPLOYMENT_TARGET = 17.4;
				LOCALIZATION_PREFERS_STRING_CATALOGS = YES;
				MTL_ENABLE_DEBUG_INFO = INCLUDE_SOURCE;
				MTL_FAST_MATH = YES;
				ONLY_ACTIVE_ARCH = YES;
				SDKROOT = iphoneos;
				SWIFT_ACTIVE_COMPILATION_CONDITIONS = "DEBUG $(inherited)";
				SWIFT_OPTIMIZATION_LEVEL = "-Onone";
			};
			name = Debug;
		};
		C563A4712B9E50ED00C7EC71 /* Release */ = {
			isa = XCBuildConfiguration;
			buildSettings = {
				ALWAYS_SEARCH_USER_PATHS = NO;
				ASSETCATALOG_COMPILER_GENERATE_SWIFT_ASSET_SYMBOL_EXTENSIONS = YES;
				CLANG_ANALYZER_NONNULL = YES;
				CLANG_ANALYZER_NUMBER_OBJECT_CONVERSION = YES_AGGRESSIVE;
				CLANG_CXX_LANGUAGE_STANDARD = "gnu++20";
				CLANG_ENABLE_MODULES = YES;
				CLANG_ENABLE_OBJC_ARC = YES;
				CLANG_ENABLE_OBJC_WEAK = YES;
				CLANG_WARN_BLOCK_CAPTURE_AUTORELEASING = YES;
				CLANG_WARN_BOOL_CONVERSION = YES;
				CLANG_WARN_COMMA = YES;
				CLANG_WARN_CONSTANT_CONVERSION = YES;
				CLANG_WARN_DEPRECATED_OBJC_IMPLEMENTATIONS = YES;
				CLANG_WARN_DIRECT_OBJC_ISA_USAGE = YES_ERROR;
				CLANG_WARN_DOCUMENTATION_COMMENTS = YES;
				CLANG_WARN_EMPTY_BODY = YES;
				CLANG_WARN_ENUM_CONVERSION = YES;
				CLANG_WARN_INFINITE_RECURSION = YES;
				CLANG_WARN_INT_CONVERSION = YES;
				CLANG_WARN_NON_LITERAL_NULL_CONVERSION = YES;
				CLANG_WARN_OBJC_IMPLICIT_RETAIN_SELF = YES;
				CLANG_WARN_OBJC_LITERAL_CONVERSION = YES;
				CLANG_WARN_OBJC_ROOT_CLASS = YES_ERROR;
				CLANG_WARN_QUOTED_INCLUDE_IN_FRAMEWORK_HEADER = YES;
				CLANG_WARN_RANGE_LOOP_ANALYSIS = YES;
				CLANG_WARN_STRICT_PROTOTYPES = YES;
				CLANG_WARN_SUSPICIOUS_MOVE = YES;
				CLANG_WARN_UNGUARDED_AVAILABILITY = YES_AGGRESSIVE;
				CLANG_WARN_UNREACHABLE_CODE = YES;
				CLANG_WARN__DUPLICATE_METHOD_MATCH = YES;
				COPY_PHASE_STRIP = NO;
				DEBUG_INFORMATION_FORMAT = "dwarf-with-dsym";
				ENABLE_NS_ASSERTIONS = NO;
				ENABLE_STRICT_OBJC_MSGSEND = YES;
				ENABLE_USER_SCRIPT_SANDBOXING = YES;
				GCC_C_LANGUAGE_STANDARD = gnu17;
				GCC_NO_COMMON_BLOCKS = YES;
				GCC_WARN_64_TO_32_BIT_CONVERSION = YES;
				GCC_WARN_ABOUT_RETURN_TYPE = YES_ERROR;
				GCC_WARN_UNDECLARED_SELECTOR = YES;
				GCC_WARN_UNINITIALIZED_AUTOS = YES_AGGRESSIVE;
				GCC_WARN_UNUSED_FUNCTION = YES;
				GCC_WARN_UNUSED_VARIABLE = YES;
				IPHONEOS_DEPLOYMENT_TARGET = 17.4;
				LOCALIZATION_PREFERS_STRING_CATALOGS = YES;
				MTL_ENABLE_DEBUG_INFO = NO;
				MTL_FAST_MATH = YES;
				SDKROOT = iphoneos;
				SWIFT_COMPILATION_MODE = wholemodule;
				VALIDATE_PRODUCT = YES;
			};
			name = Release;
		};
		C563A4732B9E50ED00C7EC71 /* Debug */ = {
			isa = XCBuildConfiguration;
			buildSettings = {
				ASSETCATALOG_COMPILER_APPICON_NAME = AppIcon;
				ASSETCATALOG_COMPILER_GLOBAL_ACCENT_COLOR_NAME = AccentColor;
				CODE_SIGN_STYLE = Automatic;
				CURRENT_PROJECT_VERSION = 1;
				DEVELOPMENT_TEAM = YV8MV5VC77;
				GENERATE_INFOPLIST_FILE = YES;
				INFOPLIST_FILE = familyProject/Info.plist;
				INFOPLIST_KEY_UIApplicationSupportsIndirectInputEvents = YES;
				INFOPLIST_KEY_UILaunchStoryboardName = LaunchScreen;
				INFOPLIST_KEY_UIMainStoryboardFile = Main;
				INFOPLIST_KEY_UISupportedInterfaceOrientations_iPad = "UIInterfaceOrientationPortrait UIInterfaceOrientationPortraitUpsideDown UIInterfaceOrientationLandscapeLeft UIInterfaceOrientationLandscapeRight";
				INFOPLIST_KEY_UISupportedInterfaceOrientations_iPhone = "UIInterfaceOrientationPortrait UIInterfaceOrientationLandscapeLeft UIInterfaceOrientationLandscapeRight";
				LD_RUNPATH_SEARCH_PATHS = (
					"$(inherited)",
					"@executable_path/Frameworks",
				);
				MARKETING_VERSION = 1.0;
				PRODUCT_BUNDLE_IDENTIFIER = com.DeseretBaker.familyProject;
				PRODUCT_NAME = "$(TARGET_NAME)";
				SWIFT_EMIT_LOC_STRINGS = YES;
				SWIFT_VERSION = 5.0;
				TARGETED_DEVICE_FAMILY = "1,2";
			};
			name = Debug;
		};
		C563A4742B9E50ED00C7EC71 /* Release */ = {
			isa = XCBuildConfiguration;
			buildSettings = {
				ASSETCATALOG_COMPILER_APPICON_NAME = AppIcon;
				ASSETCATALOG_COMPILER_GLOBAL_ACCENT_COLOR_NAME = AccentColor;
				CODE_SIGN_STYLE = Automatic;
				CURRENT_PROJECT_VERSION = 1;
				DEVELOPMENT_TEAM = YV8MV5VC77;
				GENERATE_INFOPLIST_FILE = YES;
				INFOPLIST_FILE = familyProject/Info.plist;
				INFOPLIST_KEY_UIApplicationSupportsIndirectInputEvents = YES;
				INFOPLIST_KEY_UILaunchStoryboardName = LaunchScreen;
				INFOPLIST_KEY_UIMainStoryboardFile = Main;
				INFOPLIST_KEY_UISupportedInterfaceOrientations_iPad = "UIInterfaceOrientationPortrait UIInterfaceOrientationPortraitUpsideDown UIInterfaceOrientationLandscapeLeft UIInterfaceOrientationLandscapeRight";
				INFOPLIST_KEY_UISupportedInterfaceOrientations_iPhone = "UIInterfaceOrientationPortrait UIInterfaceOrientationLandscapeLeft UIInterfaceOrientationLandscapeRight";
				LD_RUNPATH_SEARCH_PATHS = (
					"$(inherited)",
					"@executable_path/Frameworks",
				);
				MARKETING_VERSION = 1.0;
				PRODUCT_BUNDLE_IDENTIFIER = com.DeseretBaker.familyProject;
				PRODUCT_NAME = "$(TARGET_NAME)";
				SWIFT_EMIT_LOC_STRINGS = YES;
				SWIFT_VERSION = 5.0;
				TARGETED_DEVICE_FAMILY = "1,2";
			};
			name = Release;
		};
		C563A4762B9E50ED00C7EC71 /* Debug */ = {
			isa = XCBuildConfiguration;
			buildSettings = {
				ALWAYS_EMBED_SWIFT_STANDARD_LIBRARIES = YES;
				BUNDLE_LOADER = "$(TEST_HOST)";
				CODE_SIGN_STYLE = Automatic;
				CURRENT_PROJECT_VERSION = 1;
				DEVELOPMENT_TEAM = YV8MV5VC77;
				GENERATE_INFOPLIST_FILE = YES;
				IPHONEOS_DEPLOYMENT_TARGET = 17.4;
				MARKETING_VERSION = 1.0;
				PRODUCT_BUNDLE_IDENTIFIER = com.DeseretBaker.familyProjectTests;
				PRODUCT_NAME = "$(TARGET_NAME)";
				SWIFT_EMIT_LOC_STRINGS = NO;
				SWIFT_VERSION = 5.0;
				TARGETED_DEVICE_FAMILY = "1,2";
				TEST_HOST = "$(BUILT_PRODUCTS_DIR)/familyProject.app/$(BUNDLE_EXECUTABLE_FOLDER_PATH)/familyProject";
			};
			name = Debug;
		};
		C563A4772B9E50ED00C7EC71 /* Release */ = {
			isa = XCBuildConfiguration;
			buildSettings = {
				ALWAYS_EMBED_SWIFT_STANDARD_LIBRARIES = YES;
				BUNDLE_LOADER = "$(TEST_HOST)";
				CODE_SIGN_STYLE = Automatic;
				CURRENT_PROJECT_VERSION = 1;
				DEVELOPMENT_TEAM = YV8MV5VC77;
				GENERATE_INFOPLIST_FILE = YES;
				IPHONEOS_DEPLOYMENT_TARGET = 17.4;
				MARKETING_VERSION = 1.0;
				PRODUCT_BUNDLE_IDENTIFIER = com.DeseretBaker.familyProjectTests;
				PRODUCT_NAME = "$(TARGET_NAME)";
				SWIFT_EMIT_LOC_STRINGS = NO;
				SWIFT_VERSION = 5.0;
				TARGETED_DEVICE_FAMILY = "1,2";
				TEST_HOST = "$(BUILT_PRODUCTS_DIR)/familyProject.app/$(BUNDLE_EXECUTABLE_FOLDER_PATH)/familyProject";
			};
			name = Release;
		};
		C563A4792B9E50ED00C7EC71 /* Debug */ = {
			isa = XCBuildConfiguration;
			buildSettings = {
				ALWAYS_EMBED_SWIFT_STANDARD_LIBRARIES = YES;
				CODE_SIGN_STYLE = Automatic;
				CURRENT_PROJECT_VERSION = 1;
				DEVELOPMENT_TEAM = YV8MV5VC77;
				GENERATE_INFOPLIST_FILE = YES;
				MARKETING_VERSION = 1.0;
				PRODUCT_BUNDLE_IDENTIFIER = com.DeseretBaker.familyProjectUITests;
				PRODUCT_NAME = "$(TARGET_NAME)";
				SWIFT_EMIT_LOC_STRINGS = NO;
				SWIFT_VERSION = 5.0;
				TARGETED_DEVICE_FAMILY = "1,2";
				TEST_TARGET_NAME = familyProject;
			};
			name = Debug;
		};
		C563A47A2B9E50ED00C7EC71 /* Release */ = {
			isa = XCBuildConfiguration;
			buildSettings = {
				ALWAYS_EMBED_SWIFT_STANDARD_LIBRARIES = YES;
				CODE_SIGN_STYLE = Automatic;
				CURRENT_PROJECT_VERSION = 1;
				DEVELOPMENT_TEAM = YV8MV5VC77;
				GENERATE_INFOPLIST_FILE = YES;
				MARKETING_VERSION = 1.0;
				PRODUCT_BUNDLE_IDENTIFIER = com.DeseretBaker.familyProjectUITests;
				PRODUCT_NAME = "$(TARGET_NAME)";
				SWIFT_EMIT_LOC_STRINGS = NO;
				SWIFT_VERSION = 5.0;
				TARGETED_DEVICE_FAMILY = "1,2";
				TEST_TARGET_NAME = familyProject;
			};
			name = Release;
		};
/* End XCBuildConfiguration section */

/* Begin XCConfigurationList section */
		C563A4432B9E50EC00C7EC71 /* Build configuration list for PBXProject "familyProject" */ = {
			isa = XCConfigurationList;
			buildConfigurations = (
				C563A4702B9E50ED00C7EC71 /* Debug */,
				C563A4712B9E50ED00C7EC71 /* Release */,
			);
			defaultConfigurationIsVisible = 0;
			defaultConfigurationName = Release;
		};
		C563A4722B9E50ED00C7EC71 /* Build configuration list for PBXNativeTarget "familyProject" */ = {
			isa = XCConfigurationList;
			buildConfigurations = (
				C563A4732B9E50ED00C7EC71 /* Debug */,
				C563A4742B9E50ED00C7EC71 /* Release */,
			);
			defaultConfigurationIsVisible = 0;
			defaultConfigurationName = Release;
		};
		C563A4752B9E50ED00C7EC71 /* Build configuration list for PBXNativeTarget "familyProjectTests" */ = {
			isa = XCConfigurationList;
			buildConfigurations = (
				C563A4762B9E50ED00C7EC71 /* Debug */,
				C563A4772B9E50ED00C7EC71 /* Release */,
			);
			defaultConfigurationIsVisible = 0;
			defaultConfigurationName = Release;
		};
		C563A4782B9E50ED00C7EC71 /* Build configuration list for PBXNativeTarget "familyProjectUITests" */ = {
			isa = XCConfigurationList;
			buildConfigurations = (
				C563A4792B9E50ED00C7EC71 /* Debug */,
				C563A47A2B9E50ED00C7EC71 /* Release */,
			);
			defaultConfigurationIsVisible = 0;
			defaultConfigurationName = Release;
		};
/* End XCConfigurationList section */
	};
	rootObject = C563A4402B9E50EC00C7EC71 /* Project object */;
}
